
Microsoft Visual Studio Solution File, Format Version 11.00
# Visual Studio 2010
Project("{FAE04EC0-301F-11D3-BF4B-00C04F79EFBC}") = "ManipulationLibrary", "ManipulationLibrary\ManipulationLibrary.csproj", "{C2FC9E1F-A7EC-4AEB-9E51-8F7A1A012599}"
EndProject
Project("{FAE04EC0-301F-11D3-BF4B-00C04F79EFBC}") = "SoundsLike", "SoundsLikePlugin\SoundsLike.csproj", "{759D4F2E-7C87-41D1-866C-DBBDB35F9979}"
EndProject
Global
	GlobalSection(SolutionConfigurationPlatforms) = preSolution
		Debug|Any CPU = Debug|Any CPU
		Release|Any CPU = Release|Any CPU
	EndGlobalSection
	GlobalSection(ProjectConfigurationPlatforms) = postSolution
		{C2FC9E1F-A7EC-4AEB-9E51-8F7A1A012599}.Debug|Any CPU.ActiveCfg = Debug|Any CPU
		{C2FC9E1F-A7EC-4AEB-9E51-8F7A1A012599}.Debug|Any CPU.Build.0 = Debug|Any CPU
		{C2FC9E1F-A7EC-4AEB-9E51-8F7A1A012599}.Release|Any CPU.ActiveCfg = Release|Any CPU
		{C2FC9E1F-A7EC-4AEB-9E51-8F7A1A012599}.Release|Any CPU.Build.0 = Release|Any CPU
		{759D4F2E-7C87-41D1-866C-DBBDB35F9979}.Debug|Any CPU.ActiveCfg = Debug|Any CPU
		{759D4F2E-7C87-41D1-866C-DBBDB35F9979}.Debug|Any CPU.Build.0 = Debug|Any CPU
		{759D4F2E-7C87-41D1-866C-DBBDB35F9979}.Release|Any CPU.ActiveCfg = Release|Any CPU
		{759D4F2E-7C87-41D1-866C-DBBDB35F9979}.Release|Any CPU.Build.0 = Release|Any CPU
	EndGlobalSection
	GlobalSection(SolutionProperties) = preSolution
		HideSolutionNode = FALSE
	EndGlobalSection
EndGlobal
